
Microsoft Visual Studio Solution File, Format Version 12.00
# Visual Studio Version 16
VisualStudioVersion = 16.0.30413.136
MinimumVisualStudioVersion = 10.0.40219.1
Project("{9A19103F-16F7-4668-BE54-9A1E7A4F7556}") = "GraphQlV1", "GraphQlV1\GraphQlV1.csproj", "{43EA801F-B1EF-4C2D-814C-79721CD8CE7E}"
EndProject
Project("{2150E333-8FDC-42A3-9474-1A3956D46DE8}") = "01 Sco.API", "01 Sco.API", "{E3BE936E-2030-400D-BDBB-1088FB1D5DF9}"
EndProject
Project("{2150E333-8FDC-42A3-9474-1A3956D46DE8}") = "02 Sco.BusinessLayer", "02 Sco.BusinessLayer", "{F7B60157-8B2B-4B1D-B50A-1D40D999AE08}"
EndProject
Project("{2150E333-8FDC-42A3-9474-1A3956D46DE8}") = "03 Sco.DataAccessLayer", "03 Sco.DataAccessLayer", "{6B27835E-0DF7-4A28-B9AF-6E8BE70DF4AE}"
EndProject
Project("{FAE04EC0-301F-11D3-BF4B-00C04F79EFBC}") = "Sco.Business.Contract", "Sco.Business.Contract\Sco.Business.Contract.csproj", "{40DFC00B-1958-4737-B0F9-DE6033885EFB}"
EndProject
Project("{FAE04EC0-301F-11D3-BF4B-00C04F79EFBC}") = "Sco.Business.Logic", "Sco.Business.Logic\Sco.Business.Logic.csproj", "{14FFBFDA-3B8D-485D-892A-BC3FEAF25A42}"
EndProject
Project("{FAE04EC0-301F-11D3-BF4B-00C04F79EFBC}") = "Sco.Data.Contract", "Sco.Data.Contract\Sco.Data.Contract.csproj", "{470E486E-BDE5-4B9D-A2FE-91CDD8A07FF0}"
EndProject
Project("{FAE04EC0-301F-11D3-BF4B-00C04F79EFBC}") = "Sco.Data.Logic", "Sco.Data.Logic\Sco.Data.Logic.csproj", "{F26E9F1E-8F6B-4617-AADF-A5E51F9485DF}"
EndProject
Project("{2150E333-8FDC-42A3-9474-1A3956D46DE8}") = "04 Sco.AppCommonLayer", "04 Sco.AppCommonLayer", "{975901BF-D414-42E4-8AD6-BB5ED583577A}"
EndProject
Project("{2150E333-8FDC-42A3-9474-1A3956D46DE8}") = "05 Sco.FrameworkComponents", "05 Sco.FrameworkComponents", "{E86D427C-6061-46CE-88FC-F97B80D52742}"
EndProject
Project("{2150E333-8FDC-42A3-9474-1A3956D46DE8}") = "06 Sco.Utilities", "06 Sco.Utilities", "{DD5AA84C-64DF-4943-B420-F04B42557D4E}"
EndProject
Project("{2150E333-8FDC-42A3-9474-1A3956D46DE8}") = "07 Sco.UnitTests", "07 Sco.UnitTests", "{B8E3E2A9-0292-453F-A873-DC52E96094B8}"
EndProject
Project("{2150E333-8FDC-42A3-9474-1A3956D46DE8}") = "08 Sco.Deployment", "08 Sco.Deployment", "{CF302359-7E4F-49BC-AA68-A804F52838D5}"
EndProject
Project("{2150E333-8FDC-42A3-9474-1A3956D46DE8}") = "09 Sco.Documents", "09 Sco.Documents", "{AFFD2D23-7B43-4E38-83FD-AD14F8DF48C4}"
EndProject
Project("{2150E333-8FDC-42A3-9474-1A3956D46DE8}") = "10 Sco.Reports", "10 Sco.Reports", "{B4BA8196-33ED-4021-B7AA-4BBC52809C19}"
EndProject
Project("{FAE04EC0-301F-11D3-BF4B-00C04F79EFBC}") = "Sco.ViewModel", "Sco.ViewModel\Sco.ViewModel.csproj", "{1CB45E85-C699-42C9-A71C-7388FE58A190}"
EndProject
Project("{FAE04EC0-301F-11D3-BF4B-00C04F79EFBC}") = "Core.Common", "Core.Common\Core.Common.csproj", "{1C067893-702F-445C-8229-C248088AFB95}"
EndProject
Project("{FAE04EC0-301F-11D3-BF4B-00C04F79EFBC}") = "Sco.Data.Model", "Sco.Data.Model\Sco.Data.Model.csproj", "{49BE9485-673C-43D0-8828-620DED89F516}"
EndProject
Global
	GlobalSection(SolutionConfigurationPlatforms) = preSolution
		Debug|Any CPU = Debug|Any CPU
		Release|Any CPU = Release|Any CPU
	EndGlobalSection
	GlobalSection(ProjectConfigurationPlatforms) = postSolution
		{43EA801F-B1EF-4C2D-814C-79721CD8CE7E}.Debug|Any CPU.ActiveCfg = Debug|Any CPU
		{43EA801F-B1EF-4C2D-814C-79721CD8CE7E}.Debug|Any CPU.Build.0 = Debug|Any CPU
		{43EA801F-B1EF-4C2D-814C-79721CD8CE7E}.Release|Any CPU.ActiveCfg = Release|Any CPU
		{43EA801F-B1EF-4C2D-814C-79721CD8CE7E}.Release|Any CPU.Build.0 = Release|Any CPU
		{40DFC00B-1958-4737-B0F9-DE6033885EFB}.Debug|Any CPU.ActiveCfg = Debug|Any CPU
		{40DFC00B-1958-4737-B0F9-DE6033885EFB}.Debug|Any CPU.Build.0 = Debug|Any CPU
		{40DFC00B-1958-4737-B0F9-DE6033885EFB}.Release|Any CPU.ActiveCfg = Release|Any CPU
		{40DFC00B-1958-4737-B0F9-DE6033885EFB}.Release|Any CPU.Build.0 = Release|Any CPU
		{14FFBFDA-3B8D-485D-892A-BC3FEAF25A42}.Debug|Any CPU.ActiveCfg = Debug|Any CPU
		{14FFBFDA-3B8D-485D-892A-BC3FEAF25A42}.Debug|Any CPU.Build.0 = Debug|Any CPU
		{14FFBFDA-3B8D-485D-892A-BC3FEAF25A42}.Release|Any CPU.ActiveCfg = Release|Any CPU
		{14FFBFDA-3B8D-485D-892A-BC3FEAF25A42}.Release|Any CPU.Build.0 = Release|Any CPU
		{470E486E-BDE5-4B9D-A2FE-91CDD8A07FF0}.Debug|Any CPU.ActiveCfg = Debug|Any CPU
		{470E486E-BDE5-4B9D-A2FE-91CDD8A07FF0}.Debug|Any CPU.Build.0 = Debug|Any CPU
		{470E486E-BDE5-4B9D-A2FE-91CDD8A07FF0}.Release|Any CPU.ActiveCfg = Release|Any CPU
		{470E486E-BDE5-4B9D-A2FE-91CDD8A07FF0}.Release|Any CPU.Build.0 = Release|Any CPU
		{F26E9F1E-8F6B-4617-AADF-A5E51F9485DF}.Debug|Any CPU.ActiveCfg = Debug|Any CPU
		{F26E9F1E-8F6B-4617-AADF-A5E51F9485DF}.Debug|Any CPU.Build.0 = Debug|Any CPU
		{F26E9F1E-8F6B-4617-AADF-A5E51F9485DF}.Release|Any CPU.ActiveCfg = Release|Any CPU
		{F26E9F1E-8F6B-4617-AADF-A5E51F9485DF}.Release|Any CPU.Build.0 = Release|Any CPU
		{1CB45E85-C699-42C9-A71C-7388FE58A190}.Debug|Any CPU.ActiveCfg = Debug|Any CPU
		{1CB45E85-C699-42C9-A71C-7388FE58A190}.Debug|Any CPU.Build.0 = Debug|Any CPU
		{1CB45E85-C699-42C9-A71C-7388FE58A190}.Release|Any CPU.ActiveCfg = Release|Any CPU
		{1CB45E85-C699-42C9-A71C-7388FE58A190}.Release|Any CPU.Build.0 = Release|Any CPU
		{1C067893-702F-445C-8229-C248088AFB95}.Debug|Any CPU.ActiveCfg = Debug|Any CPU
		{1C067893-702F-445C-8229-C248088AFB95}.Debug|Any CPU.Build.0 = Debug|Any CPU
		{1C067893-702F-445C-8229-C248088AFB95}.Release|Any CPU.ActiveCfg = Release|Any CPU
		{1C067893-702F-445C-8229-C248088AFB95}.Release|Any CPU.Build.0 = Release|Any CPU
		{49BE9485-673C-43D0-8828-620DED89F516}.Debug|Any CPU.ActiveCfg = Debug|Any CPU
		{49BE9485-673C-43D0-8828-620DED89F516}.Debug|Any CPU.Build.0 = Debug|Any CPU
		{49BE9485-673C-43D0-8828-620DED89F516}.Release|Any CPU.ActiveCfg = Release|Any CPU
		{49BE9485-673C-43D0-8828-620DED89F516}.Release|Any CPU.Build.0 = Release|Any CPU
	EndGlobalSection
	GlobalSection(SolutionProperties) = preSolution
		HideSolutionNode = FALSE
	EndGlobalSection
	GlobalSection(NestedProjects) = preSolution
		{43EA801F-B1EF-4C2D-814C-79721CD8CE7E} = {E3BE936E-2030-400D-BDBB-1088FB1D5DF9}
		{40DFC00B-1958-4737-B0F9-DE6033885EFB} = {F7B60157-8B2B-4B1D-B50A-1D40D999AE08}
		{14FFBFDA-3B8D-485D-892A-BC3FEAF25A42} = {F7B60157-8B2B-4B1D-B50A-1D40D999AE08}
		{470E486E-BDE5-4B9D-A2FE-91CDD8A07FF0} = {6B27835E-0DF7-4A28-B9AF-6E8BE70DF4AE}
		{F26E9F1E-8F6B-4617-AADF-A5E51F9485DF} = {6B27835E-0DF7-4A28-B9AF-6E8BE70DF4AE}
		{1CB45E85-C699-42C9-A71C-7388FE58A190} = {975901BF-D414-42E4-8AD6-BB5ED583577A}
		{1C067893-702F-445C-8229-C248088AFB95} = {E86D427C-6061-46CE-88FC-F97B80D52742}
		{49BE9485-673C-43D0-8828-620DED89F516} = {6B27835E-0DF7-4A28-B9AF-6E8BE70DF4AE}
	EndGlobalSection
	GlobalSection(ExtensibilityGlobals) = postSolution
		SolutionGuid = {93F3E762-D880-48D9-B690-EE3C0A77BAE4}
	EndGlobalSection
EndGlobal
